
Microsoft Visual Studio Solution File, Format Version 12.00
# Visual Studio Version 17
VisualStudioVersion = 17.0.31903.59
MinimumVisualStudioVersion = 10.0.40219.1
Project("{FAE04EC0-301F-11D3-BF4B-00C04F79EFBC}") = "minimal-api", "Api\minimal-api.csproj", "{5C3B5D2C-4163-44F9-B78F-FD4838ACD489}"
EndProject
Project("{FAE04EC0-301F-11D3-BF4B-00C04F79EFBC}") = "Test", "Test\Test.csproj", "{4DB4BBAF-9451-4DFF-9A4C-3F5FD5FBE787}"
EndProject
Global
	GlobalSection(SolutionConfigurationPlatforms) = preSolution
		Debug|Any CPU = Debug|Any CPU
		Release|Any CPU = Release|Any CPU
	EndGlobalSection
	GlobalSection(SolutionProperties) = preSolution
		HideSolutionNode = FALSE
	EndGlobalSection
	GlobalSection(ProjectConfigurationPlatforms) = postSolution
		{5C3B5D2C-4163-44F9-B78F-FD4838ACD489}.Debug|Any CPU.ActiveCfg = Debug|Any CPU
		{5C3B5D2C-4163-44F9-B78F-FD4838ACD489}.Debug|Any CPU.Build.0 = Debug|Any CPU
		{5C3B5D2C-4163-44F9-B78F-FD4838ACD489}.Release|Any CPU.ActiveCfg = Release|Any CPU
		{5C3B5D2C-4163-44F9-B78F-FD4838ACD489}.Release|Any CPU.Build.0 = Release|Any CPU
		{4DB4BBAF-9451-4DFF-9A4C-3F5FD5FBE787}.Debug|Any CPU.ActiveCfg = Debug|Any CPU
		{4DB4BBAF-9451-4DFF-9A4C-3F5FD5FBE787}.Debug|Any CPU.Build.0 = Debug|Any CPU
		{4DB4BBAF-9451-4DFF-9A4C-3F5FD5FBE787}.Release|Any CPU.ActiveCfg = Release|Any CPU
		{4DB4BBAF-9451-4DFF-9A4C-3F5FD5FBE787}.Release|Any CPU.Build.0 = Release|Any CPU
	EndGlobalSection
EndGlobal
